github.com/inhies/go-bytesize v0.0.0-20220417184213-4913239db9cf h1:FtEj8sfIcaaBfAKrE1Cwb61YDtYq9JxChK1c7AKce7s=
github.com/inhies/go-bytesize v0.0.0-20220417184213-4913239db9cf/go.mod h1:yrqSXGoD/4EKfF26AOGzscPOgTTJcyAwM2rpixWT+t4=
golang.org/x/text v0.4.0 h1:BrVqGRd7+k1DiOgtnFvAkoQEWQvBc25ouMJM6429SFg=
golang.org/x/text v0.4.0/go.mod h1:mrYo+phRRbMaCq/xk9113O4dZlRixOauAjOtrjsXDZ8=
